
Microsoft Visual Studio Solution File, Format Version 12.00
# Visual Studio Version 17
VisualStudioVersion = 17.5.33530.505
MinimumVisualStudioVersion = 10.0.40219.1
Project("{FAE04EC0-301F-11D3-BF4B-00C04F79EFBC}") = "aracKiralama", "aracKiralama\aracKiralama.csproj", "{624BFFD8-ECC4-4588-8675-1D6B8E9F11A8}"
EndProject
Global
	GlobalSection(SolutionConfigurationPlatforms) = preSolution
		Debug|Any CPU = Debug|Any CPU
		Release|Any CPU = Release|Any CPU
	EndGlobalSection
	GlobalSection(ProjectConfigurationPlatforms) = postSolution
		{624BFFD8-ECC4-4588-8675-1D6B8E9F11A8}.Debug|Any CPU.ActiveCfg = Debug|Any CPU
		{624BFFD8-ECC4-4588-8675-1D6B8E9F11A8}.Debug|Any CPU.Build.0 = Debug|Any CPU
		{624BFFD8-ECC4-4588-8675-1D6B8E9F11A8}.Release|Any CPU.ActiveCfg = Release|Any CPU
		{624BFFD8-ECC4-4588-8675-1D6B8E9F11A8}.Release|Any CPU.Build.0 = Release|Any CPU
	EndGlobalSection
	GlobalSection(SolutionProperties) = preSolution
		HideSolutionNode = FALSE
	EndGlobalSection
	GlobalSection(ExtensibilityGlobals) = postSolution
		SolutionGuid = {9F651E25-C8A6-46C7-9411-26E0149679C1}
	EndGlobalSection
EndGlobal
